
Microsoft Visual Studio Solution File, Format Version 12.00
# Visual Studio Version 17
VisualStudioVersion = 17.3.32929.385
MinimumVisualStudioVersion = 10.0.40219.1
Project("{9A19103F-16F7-4668-BE54-9A1E7A4F7556}") = "MonoGame1", "MonoGame1\MonoGame1.csproj", "{EC54186C-F28E-472C-ADA1-31E41CDD6C92}"
EndProject
Project("{F184B08F-C81C-45F6-A57F-5ABD9991F28F}") = "ClassLibrary1", "ClassLibrary1\ClassLibrary1.vbproj", "{71454C87-84D1-4D3F-A260-7C570AF79A9C}"
EndProject
Global
	GlobalSection(SolutionConfigurationPlatforms) = preSolution
		Debug|Any CPU = Debug|Any CPU
		Release|Any CPU = Release|Any CPU
	EndGlobalSection
	GlobalSection(ProjectConfigurationPlatforms) = postSolution
		{EC54186C-F28E-472C-ADA1-31E41CDD6C92}.Debug|Any CPU.ActiveCfg = Debug|Any CPU
		{EC54186C-F28E-472C-ADA1-31E41CDD6C92}.Debug|Any CPU.Build.0 = Debug|Any CPU
		{EC54186C-F28E-472C-ADA1-31E41CDD6C92}.Release|Any CPU.ActiveCfg = Release|Any CPU
		{EC54186C-F28E-472C-ADA1-31E41CDD6C92}.Release|Any CPU.Build.0 = Release|Any CPU
		{71454C87-84D1-4D3F-A260-7C570AF79A9C}.Debug|Any CPU.ActiveCfg = Debug|Any CPU
		{71454C87-84D1-4D3F-A260-7C570AF79A9C}.Debug|Any CPU.Build.0 = Debug|Any CPU
		{71454C87-84D1-4D3F-A260-7C570AF79A9C}.Release|Any CPU.ActiveCfg = Release|Any CPU
		{71454C87-84D1-4D3F-A260-7C570AF79A9C}.Release|Any CPU.Build.0 = Release|Any CPU
	EndGlobalSection
	GlobalSection(SolutionProperties) = preSolution
		HideSolutionNode = FALSE
	EndGlobalSection
	GlobalSection(ExtensibilityGlobals) = postSolution
		SolutionGuid = {24D34D2D-BDFA-4B71-9099-B58F639D4A61}
	EndGlobalSection
EndGlobal
