
Microsoft Visual Studio Solution File, Format Version 12.00
# Visual Studio Version 17
VisualStudioVersion = 17.3.32929.385
MinimumVisualStudioVersion = 10.0.40219.1
Project("{F184B08F-C81C-45F6-A57F-5ABD9991F28F}") = "VBMonoGame", "VBMonoGame\VBMonoGame.vbproj", "{584988BE-657B-4E82-A5C6-CF0CA1215D81}"
EndProject
Global
	GlobalSection(SolutionConfigurationPlatforms) = preSolution
		Debug|Any CPU = Debug|Any CPU
		Release|Any CPU = Release|Any CPU
	EndGlobalSection
	GlobalSection(ProjectConfigurationPlatforms) = postSolution
		{584988BE-657B-4E82-A5C6-CF0CA1215D81}.Debug|Any CPU.ActiveCfg = Debug|Any CPU
		{584988BE-657B-4E82-A5C6-CF0CA1215D81}.Debug|Any CPU.Build.0 = Debug|Any CPU
		{584988BE-657B-4E82-A5C6-CF0CA1215D81}.Release|Any CPU.ActiveCfg = Release|Any CPU
		{584988BE-657B-4E82-A5C6-CF0CA1215D81}.Release|Any CPU.Build.0 = Release|Any CPU
	EndGlobalSection
	GlobalSection(SolutionProperties) = preSolution
		HideSolutionNode = FALSE
	EndGlobalSection
	GlobalSection(ExtensibilityGlobals) = postSolution
		SolutionGuid = {75B15BEE-079E-4310-9F08-B7401156B419}
	EndGlobalSection
EndGlobal
