
Microsoft Visual Studio Solution File, Format Version 12.00
# Visual Studio Version 17
VisualStudioVersion = 17.3.32929.385
MinimumVisualStudioVersion = 10.0.40219.1
Project("{F184B08F-C81C-45F6-A57F-5ABD9991F28F}") = "WpfJsonApp", "WpfJsonApp\WpfJsonApp.vbproj", "{0D6B5360-83F9-4950-94DF-E2B4B74D45FD}"
EndProject
Global
	GlobalSection(SolutionConfigurationPlatforms) = preSolution
		Debug|Any CPU = Debug|Any CPU
		Release|Any CPU = Release|Any CPU
	EndGlobalSection
	GlobalSection(ProjectConfigurationPlatforms) = postSolution
		{0D6B5360-83F9-4950-94DF-E2B4B74D45FD}.Debug|Any CPU.ActiveCfg = Debug|Any CPU
		{0D6B5360-83F9-4950-94DF-E2B4B74D45FD}.Debug|Any CPU.Build.0 = Debug|Any CPU
		{0D6B5360-83F9-4950-94DF-E2B4B74D45FD}.Release|Any CPU.ActiveCfg = Release|Any CPU
		{0D6B5360-83F9-4950-94DF-E2B4B74D45FD}.Release|Any CPU.Build.0 = Release|Any CPU
	EndGlobalSection
	GlobalSection(SolutionProperties) = preSolution
		HideSolutionNode = FALSE
	EndGlobalSection
	GlobalSection(ExtensibilityGlobals) = postSolution
		SolutionGuid = {8CD9EBC5-F6FA-47BD-9C2A-020F5EB73983}
	EndGlobalSection
EndGlobal
